{
  "lockfileVersion": 1,
  "workspaces": {
    "": {
      "dependencies": {
        "express-async-handler": "^1.2.0",
      },
    },
  },
  "packages": {
    "express-async-handler": ["express-async-handler@1.2.0", "", {}, "sha512-rCSVtPXRmQSW8rmik/AIb2P0op6l7r1fMW538yyvTMltCO4xQEWMmobfrIxN2V1/mVrgxB8Az3reYF6yUZw37w=="],
  }
}
